
Microsoft Visual Studio Solution File, Format Version 12.00
# Visual Studio Version 17
VisualStudioVersion = 17.0.31717.71
MinimumVisualStudioVersion = 10.0.40219.1
Project("{FAE04EC0-301F-11D3-BF4B-00C04F79EFBC}") = "slitherysnake", "slitherysnake\slitherysnake.csproj", "{7112C6C2-DF3D-4BF8-B34C-B4E0880D0FA8}"
EndProject
Global
	GlobalSection(SolutionConfigurationPlatforms) = preSolution
		Debug|Any CPU = Debug|Any CPU
		Release|Any CPU = Release|Any CPU
	EndGlobalSection
	GlobalSection(ProjectConfigurationPlatforms) = postSolution
		{7112C6C2-DF3D-4BF8-B34C-B4E0880D0FA8}.Debug|Any CPU.ActiveCfg = Debug|Any CPU
		{7112C6C2-DF3D-4BF8-B34C-B4E0880D0FA8}.Debug|Any CPU.Build.0 = Debug|Any CPU
		{7112C6C2-DF3D-4BF8-B34C-B4E0880D0FA8}.Release|Any CPU.ActiveCfg = Release|Any CPU
		{7112C6C2-DF3D-4BF8-B34C-B4E0880D0FA8}.Release|Any CPU.Build.0 = Release|Any CPU
	EndGlobalSection
	GlobalSection(SolutionProperties) = preSolution
		HideSolutionNode = FALSE
	EndGlobalSection
	GlobalSection(ExtensibilityGlobals) = postSolution
		SolutionGuid = {F64387CF-357D-4F92-BDE7-D951A43221D9}
	EndGlobalSection
EndGlobal
